
Microsoft Visual Studio Solution File, Format Version 12.00
# Visual Studio 15
VisualStudioVersion = 15.0.28307.329
MinimumVisualStudioVersion = 10.0.40219.1
Project("{FAE04EC0-301F-11D3-BF4B-00C04F79EFBC}") = "Task4_", "Task4_\Task4_.csproj", "{736CCCCE-E539-43D2-8D1E-2FD4183D7D92}"
EndProject
Global
	GlobalSection(SolutionConfigurationPlatforms) = preSolution
		Debug|Any CPU = Debug|Any CPU
		Release|Any CPU = Release|Any CPU
	EndGlobalSection
	GlobalSection(ProjectConfigurationPlatforms) = postSolution
		{736CCCCE-E539-43D2-8D1E-2FD4183D7D92}.Debug|Any CPU.ActiveCfg = Debug|Any CPU
		{736CCCCE-E539-43D2-8D1E-2FD4183D7D92}.Debug|Any CPU.Build.0 = Debug|Any CPU
		{736CCCCE-E539-43D2-8D1E-2FD4183D7D92}.Release|Any CPU.ActiveCfg = Release|Any CPU
		{736CCCCE-E539-43D2-8D1E-2FD4183D7D92}.Release|Any CPU.Build.0 = Release|Any CPU
	EndGlobalSection
	GlobalSection(SolutionProperties) = preSolution
		HideSolutionNode = FALSE
	EndGlobalSection
	GlobalSection(ExtensibilityGlobals) = postSolution
		SolutionGuid = {CE5E09B2-E204-430C-A7E3-A0B3C9E1F52F}
	EndGlobalSection
EndGlobal
